// !$*UTF8*$!
{
	archiveVersion = 1;
	classes = {
	};
	objectVersion = 56;
	objects = {

/* Begin PBXBuildFile section */
		1C6598152C284C3500B19EA5 /* Example_for_macOSApp.swift in Sources */ = {isa = PBXBuildFile; fileRef = 1C6598142C284C3500B19EA5 /* Example_for_macOSApp.swift */; };
		1C6598192C284C3600B19EA5 /* Assets.xcassets in Resources */ = {isa = PBXBuildFile; fileRef = 1C6598182C284C3600B19EA5 /* Assets.xcassets */; };
		1C65981C2C284C3600B19EA5 /* Preview Assets.xcassets in Resources */ = {isa = PBXBuildFile; fileRef = 1C65981B2C284C3600B19EA5 /* Preview Assets.xcassets */; };
		1C6598282C284C4600B19EA5 /* Example_for_iOSApp.swift in Sources */ = {isa = PBXBuildFile; fileRef = 1C6598272C284C4600B19EA5 /* Example_for_iOSApp.swift */; };
		1C65982A2C284C4600B19EA5 /* MusicListView.swift in Sources */ = {isa = PBXBuildFile; fileRef = 1C6598292C284C4600B19EA5 /* MusicListView.swift */; };
		1C65982C2C284C4700B19EA5 /* Assets.xcassets in Resources */ = {isa = PBXBuildFile; fileRef = 1C65982B2C284C4700B19EA5 /* Assets.xcassets */; };
		1C65982F2C284C4700B19EA5 /* Preview Assets.xcassets in Resources */ = {isa = PBXBuildFile; fileRef = 1C65982E2C284C4700B19EA5 /* Preview Assets.xcassets */; };
		1C6598362C284C9B00B19EA5 /* AudioVisualizerKit in Frameworks */ = {isa = PBXBuildFile; productRef = 1C6598352C284C9B00B19EA5 /* AudioVisualizerKit */; };
		1C6598382C284CA200B19EA5 /* AudioVisualizerKit in Frameworks */ = {isa = PBXBuildFile; productRef = 1C6598372C284CA200B19EA5 /* AudioVisualizerKit */; };
		1C65983A2C284CEE00B19EA5 /* MusicItem.swift in Sources */ = {isa = PBXBuildFile; fileRef = 1C6598392C284CEE00B19EA5 /* MusicItem.swift */; };
		1C65983C2C284CFD00B19EA5 /* MusicListViewModel.swift in Sources */ = {isa = PBXBuildFile; fileRef = 1C65983B2C284CFD00B19EA5 /* MusicListViewModel.swift */; };
		1C65983E2C284D0F00B19EA5 /* MusicListView.swift in Sources */ = {isa = PBXBuildFile; fileRef = 1C65983D2C284D0F00B19EA5 /* MusicListView.swift */; };
		1C6598402C284EB800B19EA5 /* MusicItem.swift in Sources */ = {isa = PBXBuildFile; fileRef = 1C65983F2C284EB800B19EA5 /* MusicItem.swift */; };
		1C6598422C284F1800B19EA5 /* MusicListViewModel.swift in Sources */ = {isa = PBXBuildFile; fileRef = 1C6598412C284F1800B19EA5 /* MusicListViewModel.swift */; };
		1C6598442C28536500B19EA5 /* MusicView.swift in Sources */ = {isa = PBXBuildFile; fileRef = 1C6598432C28536500B19EA5 /* MusicView.swift */; };
/* End PBXBuildFile section */

/* Begin PBXFileReference section */
		1C6598122C284C3500B19EA5 /* Example_for_macOS.app */ = {isa = PBXFileReference; explicitFileType = wrapper.application; includeInIndex = 0; path = Example_for_macOS.app; sourceTree = BUILT_PRODUCTS_DIR; };
		1C6598142C284C3500B19EA5 /* Example_for_macOSApp.swift */ = {isa = PBXFileReference; lastKnownFileType = sourcecode.swift; path = Example_for_macOSApp.swift; sourceTree = "<group>"; };
		1C6598182C284C3600B19EA5 /* Assets.xcassets */ = {isa = PBXFileReference; lastKnownFileType = folder.assetcatalog; path = Assets.xcassets; sourceTree = "<group>"; };
		1C65981B2C284C3600B19EA5 /* Preview Assets.xcassets */ = {isa = PBXFileReference; lastKnownFileType = folder.assetcatalog; path = "Preview Assets.xcassets"; sourceTree = "<group>"; };
		1C65981D2C284C3600B19EA5 /* Example_for_macOS.entitlements */ = {isa = PBXFileReference; lastKnownFileType = text.plist.entitlements; path = Example_for_macOS.entitlements; sourceTree = "<group>"; };
		1C6598252C284C4600B19EA5 /* Example_for_iOS.app */ = {isa = PBXFileReference; explicitFileType = wrapper.application; includeInIndex = 0; path = Example_for_iOS.app; sourceTree = BUILT_PRODUCTS_DIR; };
		1C6598272C284C4600B19EA5 /* Example_for_iOSApp.swift */ = {isa = PBXFileReference; lastKnownFileType = sourcecode.swift; path = Example_for_iOSApp.swift; sourceTree = "<group>"; };
		1C6598292C284C4600B19EA5 /* MusicListView.swift */ = {isa = PBXFileReference; lastKnownFileType = sourcecode.swift; path = MusicListView.swift; sourceTree = "<group>"; };
		1C65982B2C284C4700B19EA5 /* Assets.xcassets */ = {isa = PBXFileReference; lastKnownFileType = folder.assetcatalog; path = Assets.xcassets; sourceTree = "<group>"; };
		1C65982E2C284C4700B19EA5 /* Preview Assets.xcassets */ = {isa = PBXFileReference; lastKnownFileType = folder.assetcatalog; path = "Preview Assets.xcassets"; sourceTree = "<group>"; };
		1C6598332C284C8F00B19EA5 /* AudioVisualizerKit */ = {isa = PBXFileReference; lastKnownFileType = wrapper; name = AudioVisualizerKit; path = ..; sourceTree = "<group>"; };
		1C6598392C284CEE00B19EA5 /* MusicItem.swift */ = {isa = PBXFileReference; lastKnownFileType = sourcecode.swift; path = MusicItem.swift; sourceTree = "<group>"; };
		1C65983B2C284CFD00B19EA5 /* MusicListViewModel.swift */ = {isa = PBXFileReference; lastKnownFileType = sourcecode.swift; path = MusicListViewModel.swift; sourceTree = "<group>"; };
		1C65983D2C284D0F00B19EA5 /* MusicListView.swift */ = {isa = PBXFileReference; lastKnownFileType = sourcecode.swift; path = MusicListView.swift; sourceTree = "<group>"; };
		1C65983F2C284EB800B19EA5 /* MusicItem.swift */ = {isa = PBXFileReference; lastKnownFileType = sourcecode.swift; path = MusicItem.swift; sourceTree = "<group>"; };
		1C6598412C284F1800B19EA5 /* MusicListViewModel.swift */ = {isa = PBXFileReference; lastKnownFileType = sourcecode.swift; path = MusicListViewModel.swift; sourceTree = "<group>"; };
		1C6598432C28536500B19EA5 /* MusicView.swift */ = {isa = PBXFileReference; lastKnownFileType = sourcecode.swift; path = MusicView.swift; sourceTree = "<group>"; };
/* End PBXFileReference section */

/* Begin PBXFrameworksBuildPhase section */
		1C65980F2C284C3500B19EA5 /* Frameworks */ = {
			isa = PBXFrameworksBuildPhase;
			buildActionMask = 2147483647;
			files = (
				1C6598362C284C9B00B19EA5 /* AudioVisualizerKit in Frameworks */,
			);
			runOnlyForDeploymentPostprocessing = 0;
		};
		1C6598222C284C4600B19EA5 /* Frameworks */ = {
			isa = PBXFrameworksBuildPhase;
			buildActionMask = 2147483647;
			files = (
				1C6598382C284CA200B19EA5 /* AudioVisualizerKit in Frameworks */,
			);
			runOnlyForDeploymentPostprocessing = 0;
		};
/* End PBXFrameworksBuildPhase section */

/* Begin PBXGroup section */
		1C6597F32C284C1F00B19EA5 = {
			isa = PBXGroup;
			children = (
				1C6598332C284C8F00B19EA5 /* AudioVisualizerKit */,
				1C6598132C284C3500B19EA5 /* Example_for_macOS */,
				1C6598262C284C4600B19EA5 /* Example_for_iOS */,
				1C6597FD2C284C1F00B19EA5 /* Products */,
				1C6598342C284C9B00B19EA5 /* Frameworks */,
			);
			sourceTree = "<group>";
		};
		1C6597FD2C284C1F00B19EA5 /* Products */ = {
			isa = PBXGroup;
			children = (
				1C6598122C284C3500B19EA5 /* Example_for_macOS.app */,
				1C6598252C284C4600B19EA5 /* Example_for_iOS.app */,
			);
			name = Products;
			sourceTree = "<group>";
		};
		1C6598132C284C3500B19EA5 /* Example_for_macOS */ = {
			isa = PBXGroup;
			children = (
				1C65981D2C284C3600B19EA5 /* Example_for_macOS.entitlements */,
				1C6598182C284C3600B19EA5 /* Assets.xcassets */,
				1C6598392C284CEE00B19EA5 /* MusicItem.swift */,
				1C65983B2C284CFD00B19EA5 /* MusicListViewModel.swift */,
				1C65983D2C284D0F00B19EA5 /* MusicListView.swift */,
				1C6598142C284C3500B19EA5 /* Example_for_macOSApp.swift */,
				1C65981A2C284C3600B19EA5 /* Preview Content */,
			);
			path = Example_for_macOS;
			sourceTree = "<group>";
		};
		1C65981A2C284C3600B19EA5 /* Preview Content */ = {
			isa = PBXGroup;
			children = (
				1C65981B2C284C3600B19EA5 /* Preview Assets.xcassets */,
			);
			path = "Preview Content";
			sourceTree = "<group>";
		};
		1C6598262C284C4600B19EA5 /* Example_for_iOS */ = {
			isa = PBXGroup;
			children = (
				1C65982B2C284C4700B19EA5 /* Assets.xcassets */,
				1C65983F2C284EB800B19EA5 /* MusicItem.swift */,
				1C6598272C284C4600B19EA5 /* Example_for_iOSApp.swift */,
				1C6598412C284F1800B19EA5 /* MusicListViewModel.swift */,
				1C6598292C284C4600B19EA5 /* MusicListView.swift */,
				1C6598432C28536500B19EA5 /* MusicView.swift */,
				1C65982D2C284C4700B19EA5 /* Preview Content */,
			);
			path = Example_for_iOS;
			sourceTree = "<group>";
		};
		1C65982D2C284C4700B19EA5 /* Preview Content */ = {
			isa = PBXGroup;
			children = (
				1C65982E2C284C4700B19EA5 /* Preview Assets.xcassets */,
			);
			path = "Preview Content";
			sourceTree = "<group>";
		};
		1C6598342C284C9B00B19EA5 /* Frameworks */ = {
			isa = PBXGroup;
			children = (
			);
			name = Frameworks;
			sourceTree = "<group>";
		};
/* End PBXGroup section */

/* Begin PBXNativeTarget section */
		1C6598112C284C3500B19EA5 /* Example_for_macOS */ = {
			isa = PBXNativeTarget;
			buildConfigurationList = 1C65981E2C284C3600B19EA5 /* Build configuration list for PBXNativeTarget "Example_for_macOS" */;
			buildPhases = (
				1C65980E2C284C3500B19EA5 /* Sources */,
				1C65980F2C284C3500B19EA5 /* Frameworks */,
				1C6598102C284C3500B19EA5 /* Resources */,
			);
			buildRules = (
			);
			dependencies = (
			);
			name = Example_for_macOS;
			packageProductDependencies = (
				1C6598352C284C9B00B19EA5 /* AudioVisualizerKit */,
			);
			productName = Example_for_macOS;
			productReference = 1C6598122C284C3500B19EA5 /* Example_for_macOS.app */;
			productType = "com.apple.product-type.application";
		};
		1C6598242C284C4600B19EA5 /* Example_for_iOS */ = {
			isa = PBXNativeTarget;
			buildConfigurationList = 1C6598302C284C4700B19EA5 /* Build configuration list for PBXNativeTarget "Example_for_iOS" */;
			buildPhases = (
				1C6598212C284C4600B19EA5 /* Sources */,
				1C6598222C284C4600B19EA5 /* Frameworks */,
				1C6598232C284C4600B19EA5 /* Resources */,
			);
			buildRules = (
			);
			dependencies = (
			);
			name = Example_for_iOS;
			packageProductDependencies = (
				1C6598372C284CA200B19EA5 /* AudioVisualizerKit */,
			);
			productName = Example_for_iOS;
			productReference = 1C6598252C284C4600B19EA5 /* Example_for_iOS.app */;
			productType = "com.apple.product-type.application";
		};
/* End PBXNativeTarget section */

/* Begin PBXProject section */
		1C6597F42C284C1F00B19EA5 /* Project object */ = {
			isa = PBXProject;
			attributes = {
				BuildIndependentTargetsInParallel = 1;
				LastSwiftUpdateCheck = 1540;
				LastUpgradeCheck = 1540;
				TargetAttributes = {
					1C6598112C284C3500B19EA5 = {
						CreatedOnToolsVersion = 15.4;
					};
					1C6598242C284C4600B19EA5 = {
						CreatedOnToolsVersion = 15.4;
					};
				};
			};
			buildConfigurationList = 1C6597F72C284C1F00B19EA5 /* Build configuration list for PBXProject "Examples" */;
			compatibilityVersion = "Xcode 14.0";
			developmentRegion = en;
			hasScannedForEncodings = 0;
			knownRegions = (
				en,
				Base,
			);
			mainGroup = 1C6597F32C284C1F00B19EA5;
			productRefGroup = 1C6597FD2C284C1F00B19EA5 /* Products */;
			projectDirPath = "";
			projectRoot = "";
			targets = (
				1C6598112C284C3500B19EA5 /* Example_for_macOS */,
				1C6598242C284C4600B19EA5 /* Example_for_iOS */,
			);
		};
/* End PBXProject section */

/* Begin PBXResourcesBuildPhase section */
		1C6598102C284C3500B19EA5 /* Resources */ = {
			isa = PBXResourcesBuildPhase;
			buildActionMask = 2147483647;
			files = (
				1C65981C2C284C3600B19EA5 /* Preview Assets.xcassets in Resources */,
				1C6598192C284C3600B19EA5 /* Assets.xcassets in Resources */,
			);
			runOnlyForDeploymentPostprocessing = 0;
		};
		1C6598232C284C4600B19EA5 /* Resources */ = {
			isa = PBXResourcesBuildPhase;
			buildActionMask = 2147483647;
			files = (
				1C65982F2C284C4700B19EA5 /* Preview Assets.xcassets in Resources */,
				1C65982C2C284C4700B19EA5 /* Assets.xcassets in Resources */,
			);
			runOnlyForDeploymentPostprocessing = 0;
		};
/* End PBXResourcesBuildPhase section */

/* Begin PBXSourcesBuildPhase section */
		1C65980E2C284C3500B19EA5 /* Sources */ = {
			isa = PBXSourcesBuildPhase;
			buildActionMask = 2147483647;
			files = (
				1C65983E2C284D0F00B19EA5 /* MusicListView.swift in Sources */,
				1C65983C2C284CFD00B19EA5 /* MusicListViewModel.swift in Sources */,
				1C65983A2C284CEE00B19EA5 /* MusicItem.swift in Sources */,
				1C6598152C284C3500B19EA5 /* Example_for_macOSApp.swift in Sources */,
			);
			runOnlyForDeploymentPostprocessing = 0;
		};
		1C6598212C284C4600B19EA5 /* Sources */ = {
			isa = PBXSourcesBuildPhase;
			buildActionMask = 2147483647;
			files = (
				1C6598422C284F1800B19EA5 /* MusicListViewModel.swift in Sources */,
				1C6598402C284EB800B19EA5 /* MusicItem.swift in Sources */,
				1C6598442C28536500B19EA5 /* MusicView.swift in Sources */,
				1C65982A2C284C4600B19EA5 /* MusicListView.swift in Sources */,
				1C6598282C284C4600B19EA5 /* Example_for_iOSApp.swift in Sources */,
			);
			runOnlyForDeploymentPostprocessing = 0;
		};
/* End PBXSourcesBuildPhase section */

/* Begin XCBuildConfiguration section */
		1C6598092C284C2000B19EA5 /* Debug */ = {
			isa = XCBuildConfiguration;
			buildSettings = {
				ALWAYS_SEARCH_USER_PATHS = NO;
				ASSETCATALOG_COMPILER_GENERATE_SWIFT_ASSET_SYMBOL_EXTENSIONS = YES;
				CLANG_ANALYZER_NONNULL = YES;
				CLANG_ANALYZER_NUMBER_OBJECT_CONVERSION = YES_AGGRESSIVE;
				CLANG_CXX_LANGUAGE_STANDARD = "gnu++20";
				CLANG_ENABLE_MODULES = YES;
				CLANG_ENABLE_OBJC_ARC = YES;
				CLANG_ENABLE_OBJC_WEAK = YES;
				CLANG_WARN_BLOCK_CAPTURE_AUTORELEASING = YES;
				CLANG_WARN_BOOL_CONVERSION = YES;
				CLANG_WARN_COMMA = YES;
				CLANG_WARN_CONSTANT_CONVERSION = YES;
				CLANG_WARN_DEPRECATED_OBJC_IMPLEMENTATIONS = YES;
				CLANG_WARN_DIRECT_OBJC_ISA_USAGE = YES_ERROR;
				CLANG_WARN_DOCUMENTATION_COMMENTS = YES;
				CLANG_WARN_EMPTY_BODY = YES;
				CLANG_WARN_ENUM_CONVERSION = YES;
				CLANG_WARN_INFINITE_RECURSION = YES;
				CLANG_WARN_INT_CONVERSION = YES;
				CLANG_WARN_NON_LITERAL_NULL_CONVERSION = YES;
				CLANG_WARN_OBJC_IMPLICIT_RETAIN_SELF = YES;
				CLANG_WARN_OBJC_LITERAL_CONVERSION = YES;
				CLANG_WARN_OBJC_ROOT_CLASS = YES_ERROR;
				CLANG_WARN_QUOTED_INCLUDE_IN_FRAMEWORK_HEADER = YES;
				CLANG_WARN_RANGE_LOOP_ANALYSIS = YES;
				CLANG_WARN_STRICT_PROTOTYPES = YES;
				CLANG_WARN_SUSPICIOUS_MOVE = YES;
				CLANG_WARN_UNGUARDED_AVAILABILITY = YES_AGGRESSIVE;
				CLANG_WARN_UNREACHABLE_CODE = YES;
				CLANG_WARN__DUPLICATE_METHOD_MATCH = YES;
				COPY_PHASE_STRIP = NO;
				DEBUG_INFORMATION_FORMAT = dwarf;
				ENABLE_STRICT_OBJC_MSGSEND = YES;
				ENABLE_TESTABILITY = YES;
				ENABLE_USER_SCRIPT_SANDBOXING = YES;
				GCC_C_LANGUAGE_STANDARD = gnu17;
				GCC_DYNAMIC_NO_PIC = NO;
				GCC_NO_COMMON_BLOCKS = YES;
				GCC_OPTIMIZATION_LEVEL = 0;
				GCC_PREPROCESSOR_DEFINITIONS = (
					"DEBUG=1",
					"$(inherited)",
				);
				GCC_WARN_64_TO_32_BIT_CONVERSION = YES;
				GCC_WARN_ABOUT_RETURN_TYPE = YES_ERROR;
				GCC_WARN_UNDECLARED_SELECTOR = YES;
				GCC_WARN_UNINITIALIZED_AUTOS = YES_AGGRESSIVE;
				GCC_WARN_UNUSED_FUNCTION = YES;
				GCC_WARN_UNUSED_VARIABLE = YES;
				LOCALIZATION_PREFERS_STRING_CATALOGS = YES;
				MACOSX_DEPLOYMENT_TARGET = 14.4;
				MTL_ENABLE_DEBUG_INFO = INCLUDE_SOURCE;
				MTL_FAST_MATH = YES;
				ONLY_ACTIVE_ARCH = YES;
				SDKROOT = macosx;
				SWIFT_ACTIVE_COMPILATION_CONDITIONS = "DEBUG $(inherited)";
				SWIFT_OPTIMIZATION_LEVEL = "-Onone";
			};
			name = Debug;
		};
		1C65980A2C284C2000B19EA5 /* Release */ = {
			isa = XCBuildConfiguration;
			buildSettings = {
				ALWAYS_SEARCH_USER_PATHS = NO;
				ASSETCATALOG_COMPILER_GENERATE_SWIFT_ASSET_SYMBOL_EXTENSIONS = YES;
				CLANG_ANALYZER_NONNULL = YES;
				CLANG_ANALYZER_NUMBER_OBJECT_CONVERSION = YES_AGGRESSIVE;
				CLANG_CXX_LANGUAGE_STANDARD = "gnu++20";
				CLANG_ENABLE_MODULES = YES;
				CLANG_ENABLE_OBJC_ARC = YES;
				CLANG_ENABLE_OBJC_WEAK = YES;
				CLANG_WARN_BLOCK_CAPTURE_AUTORELEASING = YES;
				CLANG_WARN_BOOL_CONVERSION = YES;
				CLANG_WARN_COMMA = YES;
				CLANG_WARN_CONSTANT_CONVERSION = YES;
				CLANG_WARN_DEPRECATED_OBJC_IMPLEMENTATIONS = YES;
				CLANG_WARN_DIRECT_OBJC_ISA_USAGE = YES_ERROR;
				CLANG_WARN_DOCUMENTATION_COMMENTS = YES;
				CLANG_WARN_EMPTY_BODY = YES;
				CLANG_WARN_ENUM_CONVERSION = YES;
				CLANG_WARN_INFINITE_RECURSION = YES;
				CLANG_WARN_INT_CONVERSION = YES;
				CLANG_WARN_NON_LITERAL_NULL_CONVERSION = YES;
				CLANG_WARN_OBJC_IMPLICIT_RETAIN_SELF = YES;
				CLANG_WARN_OBJC_LITERAL_CONVERSION = YES;
				CLANG_WARN_OBJC_ROOT_CLASS = YES_ERROR;
				CLANG_WARN_QUOTED_INCLUDE_IN_FRAMEWORK_HEADER = YES;
				CLANG_WARN_RANGE_LOOP_ANALYSIS = YES;
				CLANG_WARN_STRICT_PROTOTYPES = YES;
				CLANG_WARN_SUSPICIOUS_MOVE = YES;
				CLANG_WARN_UNGUARDED_AVAILABILITY = YES_AGGRESSIVE;
				CLANG_WARN_UNREACHABLE_CODE = YES;
				CLANG_WARN__DUPLICATE_METHOD_MATCH = YES;
				COPY_PHASE_STRIP = NO;
				DEBUG_INFORMATION_FORMAT = "dwarf-with-dsym";
				ENABLE_NS_ASSERTIONS = NO;
				ENABLE_STRICT_OBJC_MSGSEND = YES;
				ENABLE_USER_SCRIPT_SANDBOXING = YES;
				GCC_C_LANGUAGE_STANDARD = gnu17;
				GCC_NO_COMMON_BLOCKS = YES;
				GCC_WARN_64_TO_32_BIT_CONVERSION = YES;
				GCC_WARN_ABOUT_RETURN_TYPE = YES_ERROR;
				GCC_WARN_UNDECLARED_SELECTOR = YES;
				GCC_WARN_UNINITIALIZED_AUTOS = YES_AGGRESSIVE;
				GCC_WARN_UNUSED_FUNCTION = YES;
				GCC_WARN_UNUSED_VARIABLE = YES;
				LOCALIZATION_PREFERS_STRING_CATALOGS = YES;
				MACOSX_DEPLOYMENT_TARGET = 14.4;
				MTL_ENABLE_DEBUG_INFO = NO;
				MTL_FAST_MATH = YES;
				SDKROOT = macosx;
				SWIFT_COMPILATION_MODE = wholemodule;
			};
			name = Release;
		};
		1C65981F2C284C3600B19EA5 /* Debug */ = {
			isa = XCBuildConfiguration;
			buildSettings = {
				ASSETCATALOG_COMPILER_APPICON_NAME = AppIcon;
				ASSETCATALOG_COMPILER_GLOBAL_ACCENT_COLOR_NAME = AccentColor;
				CODE_SIGN_ENTITLEMENTS = Example_for_macOS/Example_for_macOS.entitlements;
				CODE_SIGN_STYLE = Automatic;
				COMBINE_HIDPI_IMAGES = YES;
				CURRENT_PROJECT_VERSION = 1;
				DEVELOPMENT_ASSET_PATHS = "\"Example_for_macOS/Preview Content\"";
				ENABLE_PREVIEWS = YES;
				GENERATE_INFOPLIST_FILE = YES;
				INFOPLIST_KEY_NSHumanReadableCopyright = "";
				LD_RUNPATH_SEARCH_PATHS = (
					"$(inherited)",
					"@executable_path/../Frameworks",
				);
				MACOSX_DEPLOYMENT_TARGET = 14.0;
				MARKETING_VERSION = 1.0;
				PRODUCT_BUNDLE_IDENTIFIER = "com.kyome.Example-for-macOS";
				PRODUCT_NAME = "$(TARGET_NAME)";
				SWIFT_EMIT_LOC_STRINGS = YES;
				SWIFT_VERSION = 5.0;
			};
			name = Debug;
		};
		1C6598202C284C3600B19EA5 /* Release */ = {
			isa = XCBuildConfiguration;
			buildSettings = {
				ASSETCATALOG_COMPILER_APPICON_NAME = AppIcon;
				ASSETCATALOG_COMPILER_GLOBAL_ACCENT_COLOR_NAME = AccentColor;
				CODE_SIGN_ENTITLEMENTS = Example_for_macOS/Example_for_macOS.entitlements;
				CODE_SIGN_STYLE = Automatic;
				COMBINE_HIDPI_IMAGES = YES;
				CURRENT_PROJECT_VERSION = 1;
				DEVELOPMENT_ASSET_PATHS = "\"Example_for_macOS/Preview Content\"";
				ENABLE_PREVIEWS = YES;
				GENERATE_INFOPLIST_FILE = YES;
				INFOPLIST_KEY_NSHumanReadableCopyright = "";
				LD_RUNPATH_SEARCH_PATHS = (
					"$(inherited)",
					"@executable_path/../Frameworks",
				);
				MACOSX_DEPLOYMENT_TARGET = 14.0;
				MARKETING_VERSION = 1.0;
				PRODUCT_BUNDLE_IDENTIFIER = "com.kyome.Example-for-macOS";
				PRODUCT_NAME = "$(TARGET_NAME)";
				SWIFT_EMIT_LOC_STRINGS = YES;
				SWIFT_VERSION = 5.0;
			};
			name = Release;
		};
		1C6598312C284C4700B19EA5 /* Debug */ = {
			isa = XCBuildConfiguration;
			buildSettings = {
				ASSETCATALOG_COMPILER_APPICON_NAME = AppIcon;
				ASSETCATALOG_COMPILER_GLOBAL_ACCENT_COLOR_NAME = AccentColor;
				CODE_SIGN_STYLE = Automatic;
				CURRENT_PROJECT_VERSION = 1;
				DEVELOPMENT_ASSET_PATHS = "\"Example_for_iOS/Preview Content\"";
				DEVELOPMENT_TEAM = "";
				ENABLE_PREVIEWS = YES;
				GENERATE_INFOPLIST_FILE = YES;
				INFOPLIST_KEY_NSAppleMusicUsageDescription = "Use to search for music to play.";
				INFOPLIST_KEY_UIApplicationSceneManifest_Generation = YES;
				INFOPLIST_KEY_UIApplicationSupportsIndirectInputEvents = YES;
				INFOPLIST_KEY_UILaunchScreen_Generation = YES;
				INFOPLIST_KEY_UISupportedInterfaceOrientations_iPad = "UIInterfaceOrientationPortrait UIInterfaceOrientationPortraitUpsideDown UIInterfaceOrientationLandscapeLeft UIInterfaceOrientationLandscapeRight";
				INFOPLIST_KEY_UISupportedInterfaceOrientations_iPhone = "UIInterfaceOrientationPortrait UIInterfaceOrientationLandscapeLeft UIInterfaceOrientationLandscapeRight";
				IPHONEOS_DEPLOYMENT_TARGET = 17.0;
				LD_RUNPATH_SEARCH_PATHS = (
					"$(inherited)",
					"@executable_path/Frameworks",
				);
				MARKETING_VERSION = 1.0;
				PRODUCT_BUNDLE_IDENTIFIER = "com.kyome.Example-for-iOS";
				PRODUCT_NAME = "$(TARGET_NAME)";
				SDKROOT = iphoneos;
				SUPPORTED_PLATFORMS = "iphoneos iphonesimulator";
				SUPPORTS_MACCATALYST = NO;
				SUPPORTS_MAC_DESIGNED_FOR_IPHONE_IPAD = NO;
				SUPPORTS_XR_DESIGNED_FOR_IPHONE_IPAD = NO;
				SWIFT_EMIT_LOC_STRINGS = YES;
				SWIFT_VERSION = 5.0;
				TARGETED_DEVICE_FAMILY = 1;
			};
			name = Debug;
		};
		1C6598322C284C4700B19EA5 /* Release */ = {
			isa = XCBuildConfiguration;
			buildSettings = {
				ASSETCATALOG_COMPILER_APPICON_NAME = AppIcon;
				ASSETCATALOG_COMPILER_GLOBAL_ACCENT_COLOR_NAME = AccentColor;
				CODE_SIGN_STYLE = Automatic;
				CURRENT_PROJECT_VERSION = 1;
				DEVELOPMENT_ASSET_PATHS = "\"Example_for_iOS/Preview Content\"";
				DEVELOPMENT_TEAM = "";
				ENABLE_PREVIEWS = YES;
				GENERATE_INFOPLIST_FILE = YES;
				INFOPLIST_KEY_NSAppleMusicUsageDescription = "Use to search for music to play.";
				INFOPLIST_KEY_UIApplicationSceneManifest_Generation = YES;
				INFOPLIST_KEY_UIApplicationSupportsIndirectInputEvents = YES;
				INFOPLIST_KEY_UILaunchScreen_Generation = YES;
				INFOPLIST_KEY_UISupportedInterfaceOrientations_iPad = "UIInterfaceOrientationPortrait UIInterfaceOrientationPortraitUpsideDown UIInterfaceOrientationLandscapeLeft UIInterfaceOrientationLandscapeRight";
				INFOPLIST_KEY_UISupportedInterfaceOrientations_iPhone = "UIInterfaceOrientationPortrait UIInterfaceOrientationLandscapeLeft UIInterfaceOrientationLandscapeRight";
				IPHONEOS_DEPLOYMENT_TARGET = 17.0;
				LD_RUNPATH_SEARCH_PATHS = (
					"$(inherited)",
					"@executable_path/Frameworks",
				);
				MARKETING_VERSION = 1.0;
				PRODUCT_BUNDLE_IDENTIFIER = "com.kyome.Example-for-iOS";
				PRODUCT_NAME = "$(TARGET_NAME)";
				SDKROOT = iphoneos;
				SUPPORTED_PLATFORMS = "iphoneos iphonesimulator";
				SUPPORTS_MACCATALYST = NO;
				SUPPORTS_MAC_DESIGNED_FOR_IPHONE_IPAD = NO;
				SUPPORTS_XR_DESIGNED_FOR_IPHONE_IPAD = NO;
				SWIFT_EMIT_LOC_STRINGS = YES;
				SWIFT_VERSION = 5.0;
				TARGETED_DEVICE_FAMILY = 1;
				VALIDATE_PRODUCT = YES;
			};
			name = Release;
		};
/* End XCBuildConfiguration section */

/* Begin XCConfigurationList section */
		1C6597F72C284C1F00B19EA5 /* Build configuration list for PBXProject "Examples" */ = {
			isa = XCConfigurationList;
			buildConfigurations = (
				1C6598092C284C2000B19EA5 /* Debug */,
				1C65980A2C284C2000B19EA5 /* Release */,
			);
			defaultConfigurationIsVisible = 0;
			defaultConfigurationName = Release;
		};
		1C65981E2C284C3600B19EA5 /* Build configuration list for PBXNativeTarget "Example_for_macOS" */ = {
			isa = XCConfigurationList;
			buildConfigurations = (
				1C65981F2C284C3600B19EA5 /* Debug */,
				1C6598202C284C3600B19EA5 /* Release */,
			);
			defaultConfigurationIsVisible = 0;
			defaultConfigurationName = Release;
		};
		1C6598302C284C4700B19EA5 /* Build configuration list for PBXNativeTarget "Example_for_iOS" */ = {
			isa = XCConfigurationList;
			buildConfigurations = (
				1C6598312C284C4700B19EA5 /* Debug */,
				1C6598322C284C4700B19EA5 /* Release */,
			);
			defaultConfigurationIsVisible = 0;
			defaultConfigurationName = Release;
		};
/* End XCConfigurationList section */

/* Begin XCSwiftPackageProductDependency section */
		1C6598352C284C9B00B19EA5 /* AudioVisualizerKit */ = {
			isa = XCSwiftPackageProductDependency;
			productName = AudioVisualizerKit;
		};
		1C6598372C284CA200B19EA5 /* AudioVisualizerKit */ = {
			isa = XCSwiftPackageProductDependency;
			productName = AudioVisualizerKit;
		};
/* End XCSwiftPackageProductDependency section */
	};
	rootObject = 1C6597F42C284C1F00B19EA5 /* Project object */;
}
